
Microsoft Visual Studio Solution File, Format Version 12.00
# Visual Studio Version 16
VisualStudioVersion = 16.0.31129.286
MinimumVisualStudioVersion = 10.0.40219.1
Project("{FAE04EC0-301F-11D3-BF4B-00C04F79EFBC}") = "UserProfileManagementAPI", "UserProfileManagementAPI\UserProfileManagementAPI.csproj", "{6FA2F068-978B-4F78-AC3A-0D4460C939B7}"
EndProject
Global
	GlobalSection(SolutionConfigurationPlatforms) = preSolution
		Debug|Any CPU = Debug|Any CPU
		Release|Any CPU = Release|Any CPU
	EndGlobalSection
	GlobalSection(ProjectConfigurationPlatforms) = postSolution
		{6FA2F068-978B-4F78-AC3A-0D4460C939B7}.Debug|Any CPU.ActiveCfg = Debug|Any CPU
		{6FA2F068-978B-4F78-AC3A-0D4460C939B7}.Debug|Any CPU.Build.0 = Debug|Any CPU
		{6FA2F068-978B-4F78-AC3A-0D4460C939B7}.Release|Any CPU.ActiveCfg = Release|Any CPU
		{6FA2F068-978B-4F78-AC3A-0D4460C939B7}.Release|Any CPU.Build.0 = Release|Any CPU
	EndGlobalSection
	GlobalSection(SolutionProperties) = preSolution
		HideSolutionNode = FALSE
	EndGlobalSection
	GlobalSection(ExtensibilityGlobals) = postSolution
		SolutionGuid = {C723F7A7-509B-467C-9E07-C71DE48906B1}
	EndGlobalSection
EndGlobal
